
Microsoft Visual Studio Solution File, Format Version 12.00
# Visual Studio Version 17
VisualStudioVersion = 17.1.32407.343
MinimumVisualStudioVersion = 10.0.40219.1
Project("{888888A0-9F3D-457C-B088-3A5042F75D52}") = "Lista_3", "Lista_3\Lista_3.pyproj", "{3E8095D8-0BF8-4650-8A2B-268A00A17571}"
EndProject
Global
	GlobalSection(SolutionConfigurationPlatforms) = preSolution
		Debug|Any CPU = Debug|Any CPU
		Release|Any CPU = Release|Any CPU
	EndGlobalSection
	GlobalSection(ProjectConfigurationPlatforms) = postSolution
		{3E8095D8-0BF8-4650-8A2B-268A00A17571}.Debug|Any CPU.ActiveCfg = Debug|Any CPU
		{3E8095D8-0BF8-4650-8A2B-268A00A17571}.Release|Any CPU.ActiveCfg = Release|Any CPU
	EndGlobalSection
	GlobalSection(SolutionProperties) = preSolution
		HideSolutionNode = FALSE
	EndGlobalSection
	GlobalSection(ExtensibilityGlobals) = postSolution
		SolutionGuid = {4373CD16-B05E-42B6-9AC3-A9FF8BF51E10}
	EndGlobalSection
EndGlobal
